
Microsoft Visual Studio Solution File, Format Version 12.00
# Visual Studio Version 16
VisualStudioVersion = 16.0.29326.143
MinimumVisualStudioVersion = 10.0.40219.1
Project("{FAE04EC0-301F-11D3-BF4B-00C04F79EFBC}") = "WpfCoreMVVM", "WpfCoreMVVM\WpfCoreMVVM.csproj", "{C4B438F0-3E25-47AB-A7B4-60E1FCB252AE}"
EndProject
Global
	GlobalSection(SolutionConfigurationPlatforms) = preSolution
		Debug|Any CPU = Debug|Any CPU
		Release|Any CPU = Release|Any CPU
	EndGlobalSection
	GlobalSection(ProjectConfigurationPlatforms) = postSolution
		{C4B438F0-3E25-47AB-A7B4-60E1FCB252AE}.Debug|Any CPU.ActiveCfg = Debug|Any CPU
		{C4B438F0-3E25-47AB-A7B4-60E1FCB252AE}.Debug|Any CPU.Build.0 = Debug|Any CPU
		{C4B438F0-3E25-47AB-A7B4-60E1FCB252AE}.Release|Any CPU.ActiveCfg = Release|Any CPU
		{C4B438F0-3E25-47AB-A7B4-60E1FCB252AE}.Release|Any CPU.Build.0 = Release|Any CPU
	EndGlobalSection
	GlobalSection(SolutionProperties) = preSolution
		HideSolutionNode = FALSE
	EndGlobalSection
	GlobalSection(ExtensibilityGlobals) = postSolution
		SolutionGuid = {71D17CA4-011D-4D76-BFC2-19416079F206}
	EndGlobalSection
EndGlobal
